
Microsoft Visual Studio Solution File, Format Version 12.00
# Visual Studio Version 17
VisualStudioVersion = 17.9.34723.18
MinimumVisualStudioVersion = 10.0.40219.1
Project("{FAE04EC0-301F-11D3-BF4B-00C04F79EFBC}") = "4_2", "4_2\4_2.csproj", "{FB9DBF6D-8543-46CE-876A-C3AEF5ECEE30}"
EndProject
Global
	GlobalSection(SolutionConfigurationPlatforms) = preSolution
		Debug|Any CPU = Debug|Any CPU
		Release|Any CPU = Release|Any CPU
	EndGlobalSection
	GlobalSection(ProjectConfigurationPlatforms) = postSolution
		{FB9DBF6D-8543-46CE-876A-C3AEF5ECEE30}.Debug|Any CPU.ActiveCfg = Debug|Any CPU
		{FB9DBF6D-8543-46CE-876A-C3AEF5ECEE30}.Debug|Any CPU.Build.0 = Debug|Any CPU
		{FB9DBF6D-8543-46CE-876A-C3AEF5ECEE30}.Release|Any CPU.ActiveCfg = Release|Any CPU
		{FB9DBF6D-8543-46CE-876A-C3AEF5ECEE30}.Release|Any CPU.Build.0 = Release|Any CPU
	EndGlobalSection
	GlobalSection(SolutionProperties) = preSolution
		HideSolutionNode = FALSE
	EndGlobalSection
	GlobalSection(ExtensibilityGlobals) = postSolution
		SolutionGuid = {390E7423-84B2-4D49-97E1-D5F8809DA3D4}
	EndGlobalSection
EndGlobal
